
Microsoft Visual Studio Solution File, Format Version 12.00
# Visual Studio 15
VisualStudioVersion = 15.0.28307.572
MinimumVisualStudioVersion = 10.0.40219.1
Project("{FAE04EC0-301F-11D3-BF4B-00C04F79EFBC}") = "socket", "socket\socket.csproj", "{04EC2883-0359-4585-BEED-122C13CA7BC1}"
EndProject
Global
	GlobalSection(SolutionConfigurationPlatforms) = preSolution
		Debug|Any CPU = Debug|Any CPU
		Release|Any CPU = Release|Any CPU
	EndGlobalSection
	GlobalSection(ProjectConfigurationPlatforms) = postSolution
		{04EC2883-0359-4585-BEED-122C13CA7BC1}.Debug|Any CPU.ActiveCfg = Debug|Any CPU
		{04EC2883-0359-4585-BEED-122C13CA7BC1}.Debug|Any CPU.Build.0 = Debug|Any CPU
		{04EC2883-0359-4585-BEED-122C13CA7BC1}.Release|Any CPU.ActiveCfg = Release|Any CPU
		{04EC2883-0359-4585-BEED-122C13CA7BC1}.Release|Any CPU.Build.0 = Release|Any CPU
	EndGlobalSection
	GlobalSection(SolutionProperties) = preSolution
		HideSolutionNode = FALSE
	EndGlobalSection
	GlobalSection(ExtensibilityGlobals) = postSolution
		SolutionGuid = {1E07395C-E778-4027-869A-7330DB70C114}
	EndGlobalSection
EndGlobal
